
Microsoft Visual Studio Solution File, Format Version 12.00
# Visual Studio 15
VisualStudioVersion = 15.0.26430.15
MinimumVisualStudioVersion = 10.0.40219.1
Project("{FAE04EC0-301F-11D3-BF4B-00C04F79EFBC}") = "GTRevo.Platform", "GTRevo.Platform\GTRevo.Platform.csproj", "{42CDFAD0-CB40-433E-AC6E-874F3F58E77D}"
EndProject
Project("{FAE04EC0-301F-11D3-BF4B-00C04F79EFBC}") = "GTRevo.DataAccess", "GTRevo.DataAccess\GTRevo.DataAccess.csproj", "{FA942FE7-71FD-4CF5-8959-309583FE7903}"
EndProject
Project("{FAE04EC0-301F-11D3-BF4B-00C04F79EFBC}") = "GTRevo.Infrastructure", "GTRevo.Infrastructure\GTRevo.Infrastructure.csproj", "{6F893B4E-8119-41F8-B1C9-28EEA56946A9}"
EndProject
Project("{FAE04EC0-301F-11D3-BF4B-00C04F79EFBC}") = "GTRevo.Bootstrap", "GTRevo.Boostrap\GTRevo.Bootstrap.csproj", "{F2CED506-8D77-4547-84DA-3F886C2A7BA2}"
EndProject
Project("{2150E333-8FDC-42A3-9474-1A3956D46DE8}") = "Tests", "Tests", "{25A48354-8863-4FC8-B85D-EDE6E2974EE5}"
EndProject
Project("{FAE04EC0-301F-11D3-BF4B-00C04F79EFBC}") = "GTRevo.Infrastructure.Tests", "Tests\GTRevo.Infrastructure.Tests\GTRevo.Infrastructure.Tests.csproj", "{0CEEB2F8-0B3C-4E8A-A4A1-0842F680CB99}"
EndProject
Project("{FAE04EC0-301F-11D3-BF4B-00C04F79EFBC}") = "GTRevo.DataAccess.Tests", "Tests\GTRevo.DataAccess.Tests\GTRevo.DataAccess.Tests.csproj", "{CA3FCE6B-2D81-4C42-A960-A976E06051DC}"
EndProject
Project("{FAE04EC0-301F-11D3-BF4B-00C04F79EFBC}") = "GTRevo.Platform.Tests", "Tests\GTRevo.Platform.Tests\GTRevo.Platform.Tests.csproj", "{368BF029-76E0-43C9-930B-70915DC2B11A}"
EndProject
Project("{D954291E-2A0B-460D-934E-DC6B0785DB48}") = "GTRevo.Bootstrap.Shared", "GTRevo.Bootstrap.Shared\GTRevo.Bootstrap.Shared.shproj", "{1445B1E4-B562-41CB-91C9-866ED34E38D5}"
EndProject
Project("{FAE04EC0-301F-11D3-BF4B-00C04F79EFBC}") = "GTRevo.Core", "GTRevo.Core\GTRevo.Core.csproj", "{1015BA79-4241-4221-9D27-0DB033EA624B}"
EndProject
Project("{FAE04EC0-301F-11D3-BF4B-00C04F79EFBC}") = "GTRevo.DataAccess.EF6", "GTRevo.DataAccess.EF6\GTRevo.DataAccess.EF6.csproj", "{A8DE2F53-E404-48DD-B11F-B6A3302CE163}"
EndProject
Project("{FAE04EC0-301F-11D3-BF4B-00C04F79EFBC}") = "GTRevo.Infrastructure.Core", "GTRevo.Infrastructure.Core\GTRevo.Infrastructure.Core.csproj", "{558603AE-BECF-4F72-86B4-AD832D2453AB}"
EndProject
Project("{FAE04EC0-301F-11D3-BF4B-00C04F79EFBC}") = "GTRevo.Infrastructure.EF6", "GTRevo.Infrastructure.EF6\GTRevo.Infrastructure.EF6.csproj", "{49959901-1DD0-41FD-8352-7F9C6BB811A7}"
EndProject
Project("{FAE04EC0-301F-11D3-BF4B-00C04F79EFBC}") = "GTRevo.Testing", "GTRevo.Testing\GTRevo.Testing.csproj", "{A95BFBAD-E0F3-4631-A873-BC03B66182DA}"
EndProject
Project("{2150E333-8FDC-42A3-9474-1A3956D46DE8}") = "NuGet", "NuGet", "{FA35F569-6811-4765-86F4-BE4EBA44F5D1}"
	ProjectSection(SolutionItems) = preProject
		NuGet.config = NuGet.config
	EndProjectSection
EndProject
Project("{FAE04EC0-301F-11D3-BF4B-00C04F79EFBC}") = "GTRevo.Infrastructure.EF6.Tests", "Tests\GTRevo.Infrastructure.EF6.Tests\GTRevo.Infrastructure.EF6.Tests.csproj", "{1CB9CCB8-144D-40E1-87B4-3474625D5CD2}"
EndProject
Global
	GlobalSection(SharedMSBuildProjectFiles) = preSolution
		GTRevo.Bootstrap.Shared\GTRevo.Bootstrap.Shared.projitems*{1445b1e4-b562-41cb-91c9-866ed34e38d5}*SharedItemsImports = 13
		GTRevo.Bootstrap.Shared\GTRevo.Bootstrap.Shared.projitems*{f2ced506-8d77-4547-84da-3f886c2a7ba2}*SharedItemsImports = 4
	EndGlobalSection
	GlobalSection(SolutionConfigurationPlatforms) = preSolution
		Debug|Any CPU = Debug|Any CPU
		Release|Any CPU = Release|Any CPU
	EndGlobalSection
	GlobalSection(ProjectConfigurationPlatforms) = postSolution
		{42CDFAD0-CB40-433E-AC6E-874F3F58E77D}.Debug|Any CPU.ActiveCfg = Debug|Any CPU
		{42CDFAD0-CB40-433E-AC6E-874F3F58E77D}.Debug|Any CPU.Build.0 = Debug|Any CPU
		{42CDFAD0-CB40-433E-AC6E-874F3F58E77D}.Release|Any CPU.ActiveCfg = Release|Any CPU
		{42CDFAD0-CB40-433E-AC6E-874F3F58E77D}.Release|Any CPU.Build.0 = Release|Any CPU
		{FA942FE7-71FD-4CF5-8959-309583FE7903}.Debug|Any CPU.ActiveCfg = Debug|Any CPU
		{FA942FE7-71FD-4CF5-8959-309583FE7903}.Debug|Any CPU.Build.0 = Debug|Any CPU
		{FA942FE7-71FD-4CF5-8959-309583FE7903}.Release|Any CPU.ActiveCfg = Release|Any CPU
		{FA942FE7-71FD-4CF5-8959-309583FE7903}.Release|Any CPU.Build.0 = Release|Any CPU
		{6F893B4E-8119-41F8-B1C9-28EEA56946A9}.Debug|Any CPU.ActiveCfg = Debug|Any CPU
		{6F893B4E-8119-41F8-B1C9-28EEA56946A9}.Debug|Any CPU.Build.0 = Debug|Any CPU
		{6F893B4E-8119-41F8-B1C9-28EEA56946A9}.Release|Any CPU.ActiveCfg = Release|Any CPU
		{6F893B4E-8119-41F8-B1C9-28EEA56946A9}.Release|Any CPU.Build.0 = Release|Any CPU
		{F2CED506-8D77-4547-84DA-3F886C2A7BA2}.Debug|Any CPU.ActiveCfg = Debug|Any CPU
		{F2CED506-8D77-4547-84DA-3F886C2A7BA2}.Debug|Any CPU.Build.0 = Debug|Any CPU
		{F2CED506-8D77-4547-84DA-3F886C2A7BA2}.Release|Any CPU.ActiveCfg = Release|Any CPU
		{F2CED506-8D77-4547-84DA-3F886C2A7BA2}.Release|Any CPU.Build.0 = Release|Any CPU
		{0CEEB2F8-0B3C-4E8A-A4A1-0842F680CB99}.Debug|Any CPU.ActiveCfg = Debug|Any CPU
		{0CEEB2F8-0B3C-4E8A-A4A1-0842F680CB99}.Debug|Any CPU.Build.0 = Debug|Any CPU
		{0CEEB2F8-0B3C-4E8A-A4A1-0842F680CB99}.Release|Any CPU.ActiveCfg = Release|Any CPU
		{0CEEB2F8-0B3C-4E8A-A4A1-0842F680CB99}.Release|Any CPU.Build.0 = Release|Any CPU
		{CA3FCE6B-2D81-4C42-A960-A976E06051DC}.Debug|Any CPU.ActiveCfg = Debug|Any CPU
		{CA3FCE6B-2D81-4C42-A960-A976E06051DC}.Debug|Any CPU.Build.0 = Debug|Any CPU
		{CA3FCE6B-2D81-4C42-A960-A976E06051DC}.Release|Any CPU.ActiveCfg = Release|Any CPU
		{CA3FCE6B-2D81-4C42-A960-A976E06051DC}.Release|Any CPU.Build.0 = Release|Any CPU
		{368BF029-76E0-43C9-930B-70915DC2B11A}.Debug|Any CPU.ActiveCfg = Debug|Any CPU
		{368BF029-76E0-43C9-930B-70915DC2B11A}.Debug|Any CPU.Build.0 = Debug|Any CPU
		{368BF029-76E0-43C9-930B-70915DC2B11A}.Release|Any CPU.ActiveCfg = Release|Any CPU
		{368BF029-76E0-43C9-930B-70915DC2B11A}.Release|Any CPU.Build.0 = Release|Any CPU
		{1015BA79-4241-4221-9D27-0DB033EA624B}.Debug|Any CPU.ActiveCfg = Debug|Any CPU
		{1015BA79-4241-4221-9D27-0DB033EA624B}.Debug|Any CPU.Build.0 = Debug|Any CPU
		{1015BA79-4241-4221-9D27-0DB033EA624B}.Release|Any CPU.ActiveCfg = Release|Any CPU
		{1015BA79-4241-4221-9D27-0DB033EA624B}.Release|Any CPU.Build.0 = Release|Any CPU
		{A8DE2F53-E404-48DD-B11F-B6A3302CE163}.Debug|Any CPU.ActiveCfg = Debug|Any CPU
		{A8DE2F53-E404-48DD-B11F-B6A3302CE163}.Debug|Any CPU.Build.0 = Debug|Any CPU
		{A8DE2F53-E404-48DD-B11F-B6A3302CE163}.Release|Any CPU.ActiveCfg = Release|Any CPU
		{A8DE2F53-E404-48DD-B11F-B6A3302CE163}.Release|Any CPU.Build.0 = Release|Any CPU
		{558603AE-BECF-4F72-86B4-AD832D2453AB}.Debug|Any CPU.ActiveCfg = Debug|Any CPU
		{558603AE-BECF-4F72-86B4-AD832D2453AB}.Debug|Any CPU.Build.0 = Debug|Any CPU
		{558603AE-BECF-4F72-86B4-AD832D2453AB}.Release|Any CPU.ActiveCfg = Release|Any CPU
		{558603AE-BECF-4F72-86B4-AD832D2453AB}.Release|Any CPU.Build.0 = Release|Any CPU
		{49959901-1DD0-41FD-8352-7F9C6BB811A7}.Debug|Any CPU.ActiveCfg = Debug|Any CPU
		{49959901-1DD0-41FD-8352-7F9C6BB811A7}.Debug|Any CPU.Build.0 = Debug|Any CPU
		{49959901-1DD0-41FD-8352-7F9C6BB811A7}.Release|Any CPU.ActiveCfg = Release|Any CPU
		{49959901-1DD0-41FD-8352-7F9C6BB811A7}.Release|Any CPU.Build.0 = Release|Any CPU
		{A95BFBAD-E0F3-4631-A873-BC03B66182DA}.Debug|Any CPU.ActiveCfg = Debug|Any CPU
		{A95BFBAD-E0F3-4631-A873-BC03B66182DA}.Debug|Any CPU.Build.0 = Debug|Any CPU
		{A95BFBAD-E0F3-4631-A873-BC03B66182DA}.Release|Any CPU.ActiveCfg = Release|Any CPU
		{A95BFBAD-E0F3-4631-A873-BC03B66182DA}.Release|Any CPU.Build.0 = Release|Any CPU
		{1CB9CCB8-144D-40E1-87B4-3474625D5CD2}.Debug|Any CPU.ActiveCfg = Debug|Any CPU
		{1CB9CCB8-144D-40E1-87B4-3474625D5CD2}.Debug|Any CPU.Build.0 = Debug|Any CPU
		{1CB9CCB8-144D-40E1-87B4-3474625D5CD2}.Release|Any CPU.ActiveCfg = Release|Any CPU
		{1CB9CCB8-144D-40E1-87B4-3474625D5CD2}.Release|Any CPU.Build.0 = Release|Any CPU
	EndGlobalSection
	GlobalSection(SolutionProperties) = preSolution
		HideSolutionNode = FALSE
	EndGlobalSection
	GlobalSection(NestedProjects) = preSolution
		{0CEEB2F8-0B3C-4E8A-A4A1-0842F680CB99} = {25A48354-8863-4FC8-B85D-EDE6E2974EE5}
		{CA3FCE6B-2D81-4C42-A960-A976E06051DC} = {25A48354-8863-4FC8-B85D-EDE6E2974EE5}
		{368BF029-76E0-43C9-930B-70915DC2B11A} = {25A48354-8863-4FC8-B85D-EDE6E2974EE5}
		{1CB9CCB8-144D-40E1-87B4-3474625D5CD2} = {25A48354-8863-4FC8-B85D-EDE6E2974EE5}
	EndGlobalSection
EndGlobal
