
Microsoft Visual Studio Solution File, Format Version 12.00
# Visual Studio 15
VisualStudioVersion = 15.0.27004.2009
MinimumVisualStudioVersion = 10.0.40219.1
Project("{2150E333-8FDC-42A3-9474-1A3956D46DE8}") = "2_Tests", "2_Tests", "{25A48354-8863-4FC8-B85D-EDE6E2974EE5}"
EndProject
Project("{2150E333-8FDC-42A3-9474-1A3956D46DE8}") = "NuGet", "NuGet", "{FA35F569-6811-4765-86F4-BE4EBA44F5D1}"
	ProjectSection(SolutionItems) = preProject
		NuGet.config = NuGet.config
	EndProjectSection
EndProject
Project("{2150E333-8FDC-42A3-9474-1A3956D46DE8}") = "Platforms", "Platforms", "{301D06E8-4881-4E54-AE65-62A14F324C4E}"
EndProject
Project("{2150E333-8FDC-42A3-9474-1A3956D46DE8}") = "Infrastructure", "Infrastructure", "{C12D8D59-79D5-4F07-B7FB-79B1BEB3DCB1}"
EndProject
Project("{FAE04EC0-301F-11D3-BF4B-00C04F79EFBC}") = "Revo.Core", "Revo.Core\Revo.Core.csproj", "{1015BA79-4241-4221-9D27-0DB033EA624B}"
EndProject
Project("{2150E333-8FDC-42A3-9474-1A3956D46DE8}") = "AspNet", "AspNet", "{142C4562-9067-43ED-845D-DE6D689465C5}"
EndProject
Project("{FAE04EC0-301F-11D3-BF4B-00C04F79EFBC}") = "Revo.Platforms.AspNet", "Platforms\AspNet\Revo.Platforms.AspNet\Revo.Platforms.AspNet.csproj", "{42CDFAD0-CB40-433E-AC6E-874F3F58E77D}"
EndProject
Project("{D954291E-2A0B-460D-934E-DC6B0785DB48}") = "Revo.Platforms.AspNet.Bootstrap", "Platforms\AspNet\Revo.Platforms.AspNet.Bootstrap\Revo.Platforms.AspNet.Bootstrap.shproj", "{1445B1E4-B562-41CB-91C9-866ED34E38D5}"
EndProject
Project("{FAE04EC0-301F-11D3-BF4B-00C04F79EFBC}") = "Revo.Domain", "Revo.Domain\Revo.Domain.csproj", "{558603AE-BECF-4F72-86B4-AD832D2453AB}"
EndProject
Project("{FAE04EC0-301F-11D3-BF4B-00C04F79EFBC}") = "Revo.Infrastructure", "Infrastructure\Revo.Infrastructure\Revo.Infrastructure.csproj", "{6F893B4E-8119-41F8-B1C9-28EEA56946A9}"
EndProject
Project("{FAE04EC0-301F-11D3-BF4B-00C04F79EFBC}") = "Revo.Infrastructure.EF6", "Infrastructure\Revo.Infrastructure.EF6\Revo.Infrastructure.EF6.csproj", "{49959901-1DD0-41FD-8352-7F9C6BB811A7}"
EndProject
Project("{FAE04EC0-301F-11D3-BF4B-00C04F79EFBC}") = "Revo.Testing", "Revo.Testing\Revo.Testing.csproj", "{A95BFBAD-E0F3-4631-A873-BC03B66182DA}"
EndProject
Project("{2150E333-8FDC-42A3-9474-1A3956D46DE8}") = "3_Examples", "3_Examples", "{1D1A12B3-9916-430C-8ACB-B7243FF6B656}"
EndProject
Project("{FAE04EC0-301F-11D3-BF4B-00C04F79EFBC}") = "Revo.Examples.HelloAspNet.Bootstrap", "Examples\Revo.Examples.HelloAspNet.Bootstrap\Revo.Examples.HelloAspNet.Bootstrap.csproj", "{F2CED506-8D77-4547-84DA-3F886C2A7BA2}"
EndProject
Project("{2150E333-8FDC-42A3-9474-1A3956D46DE8}") = "DataAccess", "DataAccess", "{3FCA615C-32A7-4AD7-8F97-23299F266902}"
EndProject
Project("{2150E333-8FDC-42A3-9474-1A3956D46DE8}") = "1_Core", "1_Core", "{FB1689F5-32FB-46A9-AA47-647A7F4A1686}"
EndProject
Project("{2150E333-8FDC-42A3-9474-1A3956D46DE8}") = "Extensions", "Extensions", "{72197100-932A-45EF-B394-31F2C86CEC0E}"
EndProject
Project("{FAE04EC0-301F-11D3-BF4B-00C04F79EFBC}") = "Revo.DataAccess", "DataAccess\Revo.DataAccess\Revo.DataAccess.csproj", "{FA942FE7-71FD-4CF5-8959-309583FE7903}"
EndProject
Project("{FAE04EC0-301F-11D3-BF4B-00C04F79EFBC}") = "Revo.DataAccess.EF6", "DataAccess\Revo.DataAccess.EF6\Revo.DataAccess.EF6.csproj", "{A8DE2F53-E404-48DD-B11F-B6A3302CE163}"
EndProject
Project("{FAE04EC0-301F-11D3-BF4B-00C04F79EFBC}") = "AutoMapper.Attributes.V5", "..\..\AutoMapper.Attributes\AutoMapper.Attributes.V5\AutoMapper.Attributes.V5.csproj", "{6A6191B1-FEA5-4A40-A01A-6497EB452D92}"
EndProject
Project("{FAE04EC0-301F-11D3-BF4B-00C04F79EFBC}") = "Revo.Core.Tests", "Tests\Revo.Core.Tests\Revo.Core.Tests.csproj", "{4053DE6B-225B-42E1-8336-F031FE1CFE77}"
EndProject
Project("{FAE04EC0-301F-11D3-BF4B-00C04F79EFBC}") = "Revo.DataAccess.Tests", "Tests\Revo.DataAccess.Tests\Revo.DataAccess.Tests.csproj", "{CA3FCE6B-2D81-4C42-A960-A976E06051DC}"
EndProject
Project("{FAE04EC0-301F-11D3-BF4B-00C04F79EFBC}") = "Revo.Infrastructure.EF6.Tests", "Tests\Revo.Infrastructure.EF6.Tests\Revo.Infrastructure.EF6.Tests.csproj", "{1CB9CCB8-144D-40E1-87B4-3474625D5CD2}"
EndProject
Project("{FAE04EC0-301F-11D3-BF4B-00C04F79EFBC}") = "Revo.Infrastructure.Tests", "Tests\Revo.Infrastructure.Tests\Revo.Infrastructure.Tests.csproj", "{0CEEB2F8-0B3C-4E8A-A4A1-0842F680CB99}"
EndProject
Project("{FAE04EC0-301F-11D3-BF4B-00C04F79EFBC}") = "Revo.Platforms.AspNet.Tests", "Tests\Revo.Platforms.AspNet.Tests\Revo.Platforms.AspNet.Tests.csproj", "{368BF029-76E0-43C9-930B-70915DC2B11A}"
EndProject
Project("{FAE04EC0-301F-11D3-BF4B-00C04F79EFBC}") = "Revo.Extensions.AspNet.Interop", "Extensions\Revo.Extensions.AspNet.Interop\Revo.Extensions.AspNet.Interop.csproj", "{BF63237A-187F-40F8-8EEA-616E960A5E62}"
EndProject
Project("{FAE04EC0-301F-11D3-BF4B-00C04F79EFBC}") = "Revo.Extensions.AspNet.Interop.Tests", "Tests\Revo.Extensions.AspNet.Interop.Tests\Revo.Extensions.AspNet.Interop.Tests.csproj", "{8262F3E3-8683-44AA-A3E7-98020A76F52A}"
EndProject
Project("{2150E333-8FDC-42A3-9474-1A3956D46DE8}") = "Infrastructure", "Infrastructure", "{9F4CC1E8-6D73-46B2-A987-D030C8B4BFA1}"
EndProject
Project("{2150E333-8FDC-42A3-9474-1A3956D46DE8}") = "Extensions", "Extensions", "{B6E2BF61-054B-4923-9F49-A11DE72DA2E6}"
EndProject
Project("{2150E333-8FDC-42A3-9474-1A3956D46DE8}") = "Platforms", "Platforms", "{1B940646-6559-47CE-8381-EB232DC98734}"
EndProject
Project("{2150E333-8FDC-42A3-9474-1A3956D46DE8}") = "DataAccess", "DataAccess", "{6C549156-DDEC-4F9F-8E75-9E07A55833E1}"
EndProject
Global
	GlobalSection(SharedMSBuildProjectFiles) = preSolution
		Platforms\AspNet\Revo.Platforms.AspNet.Bootstrap\Revo.Platforms.AspNet.Bootstrap.projitems*{1445b1e4-b562-41cb-91c9-866ed34e38d5}*SharedItemsImports = 13
		Platforms\AspNet\Revo.Platforms.AspNet.Bootstrap\Revo.Platforms.AspNet.Bootstrap.projitems*{f2ced506-8d77-4547-84da-3f886c2a7ba2}*SharedItemsImports = 4
	EndGlobalSection
	GlobalSection(SolutionConfigurationPlatforms) = preSolution
		Debug|Any CPU = Debug|Any CPU
		Release|Any CPU = Release|Any CPU
	EndGlobalSection
	GlobalSection(ProjectConfigurationPlatforms) = postSolution
		{1015BA79-4241-4221-9D27-0DB033EA624B}.Debug|Any CPU.ActiveCfg = Debug|Any CPU
		{1015BA79-4241-4221-9D27-0DB033EA624B}.Debug|Any CPU.Build.0 = Debug|Any CPU
		{1015BA79-4241-4221-9D27-0DB033EA624B}.Release|Any CPU.ActiveCfg = Release|Any CPU
		{1015BA79-4241-4221-9D27-0DB033EA624B}.Release|Any CPU.Build.0 = Release|Any CPU
		{42CDFAD0-CB40-433E-AC6E-874F3F58E77D}.Debug|Any CPU.ActiveCfg = Debug|Any CPU
		{42CDFAD0-CB40-433E-AC6E-874F3F58E77D}.Debug|Any CPU.Build.0 = Debug|Any CPU
		{42CDFAD0-CB40-433E-AC6E-874F3F58E77D}.Release|Any CPU.ActiveCfg = Release|Any CPU
		{42CDFAD0-CB40-433E-AC6E-874F3F58E77D}.Release|Any CPU.Build.0 = Release|Any CPU
		{558603AE-BECF-4F72-86B4-AD832D2453AB}.Debug|Any CPU.ActiveCfg = Debug|Any CPU
		{558603AE-BECF-4F72-86B4-AD832D2453AB}.Debug|Any CPU.Build.0 = Debug|Any CPU
		{558603AE-BECF-4F72-86B4-AD832D2453AB}.Release|Any CPU.ActiveCfg = Release|Any CPU
		{558603AE-BECF-4F72-86B4-AD832D2453AB}.Release|Any CPU.Build.0 = Release|Any CPU
		{6F893B4E-8119-41F8-B1C9-28EEA56946A9}.Debug|Any CPU.ActiveCfg = Debug|Any CPU
		{6F893B4E-8119-41F8-B1C9-28EEA56946A9}.Debug|Any CPU.Build.0 = Debug|Any CPU
		{6F893B4E-8119-41F8-B1C9-28EEA56946A9}.Release|Any CPU.ActiveCfg = Release|Any CPU
		{6F893B4E-8119-41F8-B1C9-28EEA56946A9}.Release|Any CPU.Build.0 = Release|Any CPU
		{49959901-1DD0-41FD-8352-7F9C6BB811A7}.Debug|Any CPU.ActiveCfg = Debug|Any CPU
		{49959901-1DD0-41FD-8352-7F9C6BB811A7}.Debug|Any CPU.Build.0 = Debug|Any CPU
		{49959901-1DD0-41FD-8352-7F9C6BB811A7}.Release|Any CPU.ActiveCfg = Release|Any CPU
		{49959901-1DD0-41FD-8352-7F9C6BB811A7}.Release|Any CPU.Build.0 = Release|Any CPU
		{A95BFBAD-E0F3-4631-A873-BC03B66182DA}.Debug|Any CPU.ActiveCfg = Debug|Any CPU
		{A95BFBAD-E0F3-4631-A873-BC03B66182DA}.Debug|Any CPU.Build.0 = Debug|Any CPU
		{A95BFBAD-E0F3-4631-A873-BC03B66182DA}.Release|Any CPU.ActiveCfg = Release|Any CPU
		{A95BFBAD-E0F3-4631-A873-BC03B66182DA}.Release|Any CPU.Build.0 = Release|Any CPU
		{F2CED506-8D77-4547-84DA-3F886C2A7BA2}.Debug|Any CPU.ActiveCfg = Debug|Any CPU
		{F2CED506-8D77-4547-84DA-3F886C2A7BA2}.Debug|Any CPU.Build.0 = Debug|Any CPU
		{F2CED506-8D77-4547-84DA-3F886C2A7BA2}.Release|Any CPU.ActiveCfg = Release|Any CPU
		{F2CED506-8D77-4547-84DA-3F886C2A7BA2}.Release|Any CPU.Build.0 = Release|Any CPU
		{FA942FE7-71FD-4CF5-8959-309583FE7903}.Debug|Any CPU.ActiveCfg = Debug|Any CPU
		{FA942FE7-71FD-4CF5-8959-309583FE7903}.Debug|Any CPU.Build.0 = Debug|Any CPU
		{FA942FE7-71FD-4CF5-8959-309583FE7903}.Release|Any CPU.ActiveCfg = Release|Any CPU
		{FA942FE7-71FD-4CF5-8959-309583FE7903}.Release|Any CPU.Build.0 = Release|Any CPU
		{A8DE2F53-E404-48DD-B11F-B6A3302CE163}.Debug|Any CPU.ActiveCfg = Debug|Any CPU
		{A8DE2F53-E404-48DD-B11F-B6A3302CE163}.Debug|Any CPU.Build.0 = Debug|Any CPU
		{A8DE2F53-E404-48DD-B11F-B6A3302CE163}.Release|Any CPU.ActiveCfg = Release|Any CPU
		{A8DE2F53-E404-48DD-B11F-B6A3302CE163}.Release|Any CPU.Build.0 = Release|Any CPU
		{6A6191B1-FEA5-4A40-A01A-6497EB452D92}.Debug|Any CPU.ActiveCfg = Debug|Any CPU
		{6A6191B1-FEA5-4A40-A01A-6497EB452D92}.Debug|Any CPU.Build.0 = Debug|Any CPU
		{6A6191B1-FEA5-4A40-A01A-6497EB452D92}.Release|Any CPU.ActiveCfg = Release|Any CPU
		{6A6191B1-FEA5-4A40-A01A-6497EB452D92}.Release|Any CPU.Build.0 = Release|Any CPU
		{4053DE6B-225B-42E1-8336-F031FE1CFE77}.Debug|Any CPU.ActiveCfg = Debug|Any CPU
		{4053DE6B-225B-42E1-8336-F031FE1CFE77}.Debug|Any CPU.Build.0 = Debug|Any CPU
		{4053DE6B-225B-42E1-8336-F031FE1CFE77}.Release|Any CPU.ActiveCfg = Release|Any CPU
		{4053DE6B-225B-42E1-8336-F031FE1CFE77}.Release|Any CPU.Build.0 = Release|Any CPU
		{CA3FCE6B-2D81-4C42-A960-A976E06051DC}.Debug|Any CPU.ActiveCfg = Debug|Any CPU
		{CA3FCE6B-2D81-4C42-A960-A976E06051DC}.Debug|Any CPU.Build.0 = Debug|Any CPU
		{CA3FCE6B-2D81-4C42-A960-A976E06051DC}.Release|Any CPU.ActiveCfg = Release|Any CPU
		{CA3FCE6B-2D81-4C42-A960-A976E06051DC}.Release|Any CPU.Build.0 = Release|Any CPU
		{1CB9CCB8-144D-40E1-87B4-3474625D5CD2}.Debug|Any CPU.ActiveCfg = Debug|Any CPU
		{1CB9CCB8-144D-40E1-87B4-3474625D5CD2}.Debug|Any CPU.Build.0 = Debug|Any CPU
		{1CB9CCB8-144D-40E1-87B4-3474625D5CD2}.Release|Any CPU.ActiveCfg = Release|Any CPU
		{1CB9CCB8-144D-40E1-87B4-3474625D5CD2}.Release|Any CPU.Build.0 = Release|Any CPU
		{0CEEB2F8-0B3C-4E8A-A4A1-0842F680CB99}.Debug|Any CPU.ActiveCfg = Debug|Any CPU
		{0CEEB2F8-0B3C-4E8A-A4A1-0842F680CB99}.Debug|Any CPU.Build.0 = Debug|Any CPU
		{0CEEB2F8-0B3C-4E8A-A4A1-0842F680CB99}.Release|Any CPU.ActiveCfg = Release|Any CPU
		{0CEEB2F8-0B3C-4E8A-A4A1-0842F680CB99}.Release|Any CPU.Build.0 = Release|Any CPU
		{368BF029-76E0-43C9-930B-70915DC2B11A}.Debug|Any CPU.ActiveCfg = Debug|Any CPU
		{368BF029-76E0-43C9-930B-70915DC2B11A}.Debug|Any CPU.Build.0 = Debug|Any CPU
		{368BF029-76E0-43C9-930B-70915DC2B11A}.Release|Any CPU.ActiveCfg = Release|Any CPU
		{368BF029-76E0-43C9-930B-70915DC2B11A}.Release|Any CPU.Build.0 = Release|Any CPU
		{BF63237A-187F-40F8-8EEA-616E960A5E62}.Debug|Any CPU.ActiveCfg = Debug|Any CPU
		{BF63237A-187F-40F8-8EEA-616E960A5E62}.Debug|Any CPU.Build.0 = Debug|Any CPU
		{BF63237A-187F-40F8-8EEA-616E960A5E62}.Release|Any CPU.ActiveCfg = Release|Any CPU
		{BF63237A-187F-40F8-8EEA-616E960A5E62}.Release|Any CPU.Build.0 = Release|Any CPU
		{8262F3E3-8683-44AA-A3E7-98020A76F52A}.Debug|Any CPU.ActiveCfg = Debug|Any CPU
		{8262F3E3-8683-44AA-A3E7-98020A76F52A}.Debug|Any CPU.Build.0 = Debug|Any CPU
		{8262F3E3-8683-44AA-A3E7-98020A76F52A}.Release|Any CPU.ActiveCfg = Release|Any CPU
		{8262F3E3-8683-44AA-A3E7-98020A76F52A}.Release|Any CPU.Build.0 = Release|Any CPU
	EndGlobalSection
	GlobalSection(SolutionProperties) = preSolution
		HideSolutionNode = FALSE
	EndGlobalSection
	GlobalSection(NestedProjects) = preSolution
		{301D06E8-4881-4E54-AE65-62A14F324C4E} = {FB1689F5-32FB-46A9-AA47-647A7F4A1686}
		{C12D8D59-79D5-4F07-B7FB-79B1BEB3DCB1} = {FB1689F5-32FB-46A9-AA47-647A7F4A1686}
		{1015BA79-4241-4221-9D27-0DB033EA624B} = {FB1689F5-32FB-46A9-AA47-647A7F4A1686}
		{142C4562-9067-43ED-845D-DE6D689465C5} = {301D06E8-4881-4E54-AE65-62A14F324C4E}
		{42CDFAD0-CB40-433E-AC6E-874F3F58E77D} = {142C4562-9067-43ED-845D-DE6D689465C5}
		{1445B1E4-B562-41CB-91C9-866ED34E38D5} = {142C4562-9067-43ED-845D-DE6D689465C5}
		{558603AE-BECF-4F72-86B4-AD832D2453AB} = {FB1689F5-32FB-46A9-AA47-647A7F4A1686}
		{6F893B4E-8119-41F8-B1C9-28EEA56946A9} = {C12D8D59-79D5-4F07-B7FB-79B1BEB3DCB1}
		{49959901-1DD0-41FD-8352-7F9C6BB811A7} = {C12D8D59-79D5-4F07-B7FB-79B1BEB3DCB1}
		{A95BFBAD-E0F3-4631-A873-BC03B66182DA} = {FB1689F5-32FB-46A9-AA47-647A7F4A1686}
		{F2CED506-8D77-4547-84DA-3F886C2A7BA2} = {1D1A12B3-9916-430C-8ACB-B7243FF6B656}
		{3FCA615C-32A7-4AD7-8F97-23299F266902} = {FB1689F5-32FB-46A9-AA47-647A7F4A1686}
		{72197100-932A-45EF-B394-31F2C86CEC0E} = {FB1689F5-32FB-46A9-AA47-647A7F4A1686}
		{FA942FE7-71FD-4CF5-8959-309583FE7903} = {3FCA615C-32A7-4AD7-8F97-23299F266902}
		{A8DE2F53-E404-48DD-B11F-B6A3302CE163} = {3FCA615C-32A7-4AD7-8F97-23299F266902}
		{4053DE6B-225B-42E1-8336-F031FE1CFE77} = {25A48354-8863-4FC8-B85D-EDE6E2974EE5}
		{CA3FCE6B-2D81-4C42-A960-A976E06051DC} = {6C549156-DDEC-4F9F-8E75-9E07A55833E1}
		{1CB9CCB8-144D-40E1-87B4-3474625D5CD2} = {9F4CC1E8-6D73-46B2-A987-D030C8B4BFA1}
		{0CEEB2F8-0B3C-4E8A-A4A1-0842F680CB99} = {9F4CC1E8-6D73-46B2-A987-D030C8B4BFA1}
		{368BF029-76E0-43C9-930B-70915DC2B11A} = {1B940646-6559-47CE-8381-EB232DC98734}
		{BF63237A-187F-40F8-8EEA-616E960A5E62} = {72197100-932A-45EF-B394-31F2C86CEC0E}
		{8262F3E3-8683-44AA-A3E7-98020A76F52A} = {B6E2BF61-054B-4923-9F49-A11DE72DA2E6}
		{9F4CC1E8-6D73-46B2-A987-D030C8B4BFA1} = {25A48354-8863-4FC8-B85D-EDE6E2974EE5}
		{B6E2BF61-054B-4923-9F49-A11DE72DA2E6} = {25A48354-8863-4FC8-B85D-EDE6E2974EE5}
		{1B940646-6559-47CE-8381-EB232DC98734} = {25A48354-8863-4FC8-B85D-EDE6E2974EE5}
		{6C549156-DDEC-4F9F-8E75-9E07A55833E1} = {25A48354-8863-4FC8-B85D-EDE6E2974EE5}
	EndGlobalSection
	GlobalSection(ExtensibilityGlobals) = postSolution
		SolutionGuid = {C98B2018-4C0A-4011-94CB-77D70109215F}
	EndGlobalSection
EndGlobal
