
Microsoft Visual Studio Solution File, Format Version 12.00
# Visual Studio Version 17
VisualStudioVersion = 17.4.33110.190
MinimumVisualStudioVersion = 10.0.40219.1
Project("{2150E333-8FDC-42A3-9474-1A3956D46DE8}") = "2_Providers", "2_Providers", "{25A48354-8863-4FC8-B85D-EDE6E2974EE5}"
EndProject
Project("{2150E333-8FDC-42A3-9474-1A3956D46DE8}") = "NuGet", "NuGet", "{FA35F569-6811-4765-86F4-BE4EBA44F5D1}"
	ProjectSection(SolutionItems) = preProject
		NuGet.config = NuGet.config
	EndProjectSection
EndProject
Project("{9A19103F-16F7-4668-BE54-9A1E7A4F7556}") = "Revo.Core", "Revo.Core\Revo.Core.csproj", "{1015BA79-4241-4221-9D27-0DB033EA624B}"
EndProject
Project("{9A19103F-16F7-4668-BE54-9A1E7A4F7556}") = "Revo.Domain", "Revo.Domain\Revo.Domain.csproj", "{558603AE-BECF-4F72-86B4-AD832D2453AB}"
EndProject
Project("{9A19103F-16F7-4668-BE54-9A1E7A4F7556}") = "Revo.Testing", "Revo.Testing\Revo.Testing.csproj", "{A95BFBAD-E0F3-4631-A873-BC03B66182DA}"
EndProject
Project("{2150E333-8FDC-42A3-9474-1A3956D46DE8}") = "5_Examples", "5_Examples", "{1D1A12B3-9916-430C-8ACB-B7243FF6B656}"
EndProject
Project("{2150E333-8FDC-42A3-9474-1A3956D46DE8}") = "1_Core", "1_Core", "{FB1689F5-32FB-46A9-AA47-647A7F4A1686}"
EndProject
Project("{2150E333-8FDC-42A3-9474-1A3956D46DE8}") = "3_Extensions", "3_Extensions", "{72197100-932A-45EF-B394-31F2C86CEC0E}"
EndProject
Project("{9A19103F-16F7-4668-BE54-9A1E7A4F7556}") = "Revo.Core.Tests", "Tests\Revo.Core.Tests\Revo.Core.Tests.csproj", "{4053DE6B-225B-42E1-8336-F031FE1CFE77}"
EndProject
Project("{9A19103F-16F7-4668-BE54-9A1E7A4F7556}") = "Revo.Domain.Tests", "Tests\Revo.Domain.Tests\Revo.Domain.Tests.csproj", "{F612C5E1-F09C-4038-810C-96D9D627F17C}"
EndProject
Project("{9A19103F-16F7-4668-BE54-9A1E7A4F7556}") = "Revo.Extensions.Notifications", "Extensions\Revo.Extensions.Notifications\Revo.Extensions.Notifications.csproj", "{08551AFE-2113-4602-B030-7089B778EDA7}"
EndProject
Project("{9A19103F-16F7-4668-BE54-9A1E7A4F7556}") = "Revo.Extensions.History", "Extensions\Revo.Extensions.History\Revo.Extensions.History.csproj", "{144DAED3-5A0F-4756-9411-04258D893530}"
EndProject
Project("{9A19103F-16F7-4668-BE54-9A1E7A4F7556}") = "Revo.DataAccess", "Revo.DataAccess\Revo.DataAccess.csproj", "{7E57E300-DCED-4573-8899-A2884123969B}"
EndProject
Project("{9A19103F-16F7-4668-BE54-9A1E7A4F7556}") = "Revo.Infrastructure", "Revo.Infrastructure\Revo.Infrastructure.csproj", "{30742FE3-DF4D-4364-AC70-7046303A70EE}"
EndProject
Project("{2150E333-8FDC-42A3-9474-1A3956D46DE8}") = "Tests", "Tests", "{8291108F-CF09-46ED-9E74-0A11CB66EDED}"
EndProject
Project("{9A19103F-16F7-4668-BE54-9A1E7A4F7556}") = "Revo.DataAccess.Tests", "Tests\Revo.DataAccess.Tests\Revo.DataAccess.Tests.csproj", "{6297093C-49E8-403D-B169-A746904B478C}"
EndProject
Project("{9A19103F-16F7-4668-BE54-9A1E7A4F7556}") = "Revo.Infrastructure.Tests", "Tests\Revo.Infrastructure.Tests\Revo.Infrastructure.Tests.csproj", "{512115BC-662D-49D0-A9E7-D9D5B2E03787}"
EndProject
Project("{2150E333-8FDC-42A3-9474-1A3956D46DE8}") = "EF6", "EF6", "{C62064CC-D154-4B6F-8E83-CD0EFBF613AA}"
EndProject
Project("{2150E333-8FDC-42A3-9474-1A3956D46DE8}") = "Tests", "Tests", "{475B49D8-8732-4A80-842E-081B2098BEFD}"
EndProject
Project("{2150E333-8FDC-42A3-9474-1A3956D46DE8}") = "Rebus", "Rebus", "{02A41BA6-08CE-4141-8D4D-D93FD1348025}"
EndProject
Project("{2150E333-8FDC-42A3-9474-1A3956D46DE8}") = "Tests", "Tests", "{6EBD4296-7BC9-4014-BCBB-C8E0FE08E9B9}"
EndProject
Project("{2150E333-8FDC-42A3-9474-1A3956D46DE8}") = "RavenDB", "RavenDB", "{289A2402-4981-401E-A4A3-F1148B5AF478}"
EndProject
Project("{2150E333-8FDC-42A3-9474-1A3956D46DE8}") = "Tests", "Tests", "{FAC33DD7-B367-4201-901B-2A66C67EE1BE}"
EndProject
Project("{2150E333-8FDC-42A3-9474-1A3956D46DE8}") = "Hangfire", "Hangfire", "{61892906-4B8B-4D36-B3CC-A39596C946D7}"
EndProject
Project("{9A19103F-16F7-4668-BE54-9A1E7A4F7556}") = "Revo.EF6", "Providers\EF6\Revo.EF6\Revo.EF6.csproj", "{CC8E6384-AA97-4B18-8D14-58315483D48D}"
EndProject
Project("{9A19103F-16F7-4668-BE54-9A1E7A4F7556}") = "Revo.EF6.Tests", "Providers\EF6\Tests\Revo.EF6.Tests\Revo.EF6.Tests.csproj", "{370A9158-1CB7-4CF7-AF97-B56823932EB4}"
EndProject
Project("{9A19103F-16F7-4668-BE54-9A1E7A4F7556}") = "Revo.Hangfire", "Providers\Hangfire\Revo.Hangfire\Revo.Hangfire.csproj", "{E306EC37-07A5-4158-8429-CADB3789AE2E}"
EndProject
Project("{9A19103F-16F7-4668-BE54-9A1E7A4F7556}") = "Revo.RavenDB", "Providers\RavenDB\Revo.RavenDB\Revo.RavenDB.csproj", "{C446C614-9424-4CD8-AC22-F7AEAB311385}"
EndProject
Project("{9A19103F-16F7-4668-BE54-9A1E7A4F7556}") = "Revo.Rebus", "Providers\Rebus\Revo.Rebus\Revo.Rebus.csproj", "{BE882732-000D-4E16-B00D-E11307931705}"
EndProject
Project("{2150E333-8FDC-42A3-9474-1A3956D46DE8}") = "Tests", "Tests", "{18E2CF3E-0EB3-4B0E-8A6F-155D63DE3E0D}"
EndProject
Project("{9A19103F-16F7-4668-BE54-9A1E7A4F7556}") = "Revo.Extensions.History.Tests", "Extensions\Tests\Revo.Extensions.History.Tests\Revo.Extensions.History.Tests.csproj", "{6A5FD7E4-52B8-4DC9-9DDF-F9EFF79BF8B3}"
EndProject
Project("{9A19103F-16F7-4668-BE54-9A1E7A4F7556}") = "Revo.Extensions.Notifications.Tests", "Extensions\Tests\Revo.Extensions.Notifications.Tests\Revo.Extensions.Notifications.Tests.csproj", "{D1C96B2A-F98B-41AC-92E3-96B1B9AC3E17}"
EndProject
Project("{2150E333-8FDC-42A3-9474-1A3956D46DE8}") = "EFCore", "EFCore", "{CBB6743D-9BE8-49B2-9BCC-8900DC7E10C7}"
EndProject
Project("{9A19103F-16F7-4668-BE54-9A1E7A4F7556}") = "Revo.EFCore", "Providers\EFCore\Revo.EFCore\Revo.EFCore.csproj", "{49002614-39A3-4800-9E52-C3401859B18F}"
EndProject
Project("{2150E333-8FDC-42A3-9474-1A3956D46DE8}") = "Tests", "Tests", "{252112A0-B2BD-4879-ABB1-6169F6A00B9D}"
EndProject
Project("{2150E333-8FDC-42A3-9474-1A3956D46DE8}") = "AspNetCore", "AspNetCore", "{A25D620F-4546-4EAC-AD0C-9FCE5AFB1569}"
EndProject
Project("{2150E333-8FDC-42A3-9474-1A3956D46DE8}") = "Tests", "Tests", "{FCD2C3F3-1A0E-4168-A9C0-5303807DC227}"
EndProject
Project("{9A19103F-16F7-4668-BE54-9A1E7A4F7556}") = "Revo.AspNetCore", "Providers\AspNetCore\Revo.AspNetCore\Revo.AspNetCore.csproj", "{72D4E541-1821-48CA-B590-CF4761E6231B}"
EndProject
Project("{9A19103F-16F7-4668-BE54-9A1E7A4F7556}") = "Revo.AspNetCore.Tests", "Providers\AspNetCore\Tests\Revo.AspNetCore.Tests\Revo.AspNetCore.Tests.csproj", "{87DA49BF-B9DE-48B0-A50A-29105A2A9EDB}"
EndProject
Project("{9A19103F-16F7-4668-BE54-9A1E7A4F7556}") = "Revo.EFCore.Tests", "Providers\EFCore\Tests\Revo.EFCore.Tests\Revo.EFCore.Tests.csproj", "{6A9774D6-F2BF-4D58-8BBF-80636A2D38CA}"
EndProject
Project("{2150E333-8FDC-42A3-9474-1A3956D46DE8}") = "Todos", "Todos", "{FC0DD76A-ABBB-451D-8B3E-384FCC5D8935}"
EndProject
Project("{9A19103F-16F7-4668-BE54-9A1E7A4F7556}") = "Revo.Examples.Todos", "Examples\Todos\Revo.Examples.Todos\Revo.Examples.Todos.csproj", "{0C75683B-3135-40EB-A93E-4146D360CA6C}"
EndProject
Project("{9A19103F-16F7-4668-BE54-9A1E7A4F7556}") = "Revo.Examples.Todos.Tests", "Examples\Todos\Revo.Examples.Todos.Tests\Revo.Examples.Todos.Tests.csproj", "{E6DBC0B3-FCD7-40FC-9DC8-9F155281F34E}"
EndProject
Project("{2150E333-8FDC-42A3-9474-1A3956D46DE8}") = "EasyNetQ", "EasyNetQ", "{3C46ACB0-08B6-40E0-8C66-5333C50A95F1}"
EndProject
Project("{2150E333-8FDC-42A3-9474-1A3956D46DE8}") = "Tests", "Tests", "{5A3C5A38-4A06-43D0-BFDC-243A2CBB36EE}"
EndProject
Project("{9A19103F-16F7-4668-BE54-9A1E7A4F7556}") = "Revo.EasyNetQ", "Providers\EasyNetQ\Revo.EasyNetQ\Revo.EasyNetQ.csproj", "{EFDAE739-E880-4449-BBBA-4346D3443E7B}"
EndProject
Project("{9A19103F-16F7-4668-BE54-9A1E7A4F7556}") = "Revo.EasyNetQ.Tests", "Providers\EasyNetQ\Tests\Revo.EasyNetQ.Tests\Revo.EasyNetQ.Tests.csproj", "{EC0E18C4-B6EA-47AE-AB6E-7FCC654C1FE9}"
EndProject
Project("{2150E333-8FDC-42A3-9474-1A3956D46DE8}") = "4_Tools", "4_Tools", "{80BDC064-0388-4205-BA2A-ADB72ED29B38}"
EndProject
Project("{9A19103F-16F7-4668-BE54-9A1E7A4F7556}") = "Revo.Tools.DatabaseMigrator", "Tools\Revo.Tools.DatabaseMigrator\Revo.Tools.DatabaseMigrator.csproj", "{DD6B984E-3F40-4735-A030-1331F56EBACC}"
EndProject
Project("{9A19103F-16F7-4668-BE54-9A1E7A4F7556}") = "Revo.Extensions.AutoMapper", "Extensions\Revo.Extensions.AutoMapper\Revo.Extensions.AutoMapper.csproj", "{E3A99A37-EF26-4EE9-BE72-F869AC8EC3CD}"
EndProject
Project("{2150E333-8FDC-42A3-9474-1A3956D46DE8}") = "6_IntegrationTests", "6_IntegrationTests", "{4B3444F3-30D5-4347-AD6B-DACC118685B2}"
EndProject
Global
	GlobalSection(SolutionConfigurationPlatforms) = preSolution
		Debug|Any CPU = Debug|Any CPU
		Release|Any CPU = Release|Any CPU
	EndGlobalSection
	GlobalSection(ProjectConfigurationPlatforms) = postSolution
		{1015BA79-4241-4221-9D27-0DB033EA624B}.Debug|Any CPU.ActiveCfg = Debug|Any CPU
		{1015BA79-4241-4221-9D27-0DB033EA624B}.Debug|Any CPU.Build.0 = Debug|Any CPU
		{1015BA79-4241-4221-9D27-0DB033EA624B}.Release|Any CPU.ActiveCfg = Release|Any CPU
		{1015BA79-4241-4221-9D27-0DB033EA624B}.Release|Any CPU.Build.0 = Release|Any CPU
		{558603AE-BECF-4F72-86B4-AD832D2453AB}.Debug|Any CPU.ActiveCfg = Debug|Any CPU
		{558603AE-BECF-4F72-86B4-AD832D2453AB}.Debug|Any CPU.Build.0 = Debug|Any CPU
		{558603AE-BECF-4F72-86B4-AD832D2453AB}.Release|Any CPU.ActiveCfg = Release|Any CPU
		{558603AE-BECF-4F72-86B4-AD832D2453AB}.Release|Any CPU.Build.0 = Release|Any CPU
		{A95BFBAD-E0F3-4631-A873-BC03B66182DA}.Debug|Any CPU.ActiveCfg = Debug|Any CPU
		{A95BFBAD-E0F3-4631-A873-BC03B66182DA}.Debug|Any CPU.Build.0 = Debug|Any CPU
		{A95BFBAD-E0F3-4631-A873-BC03B66182DA}.Release|Any CPU.ActiveCfg = Release|Any CPU
		{A95BFBAD-E0F3-4631-A873-BC03B66182DA}.Release|Any CPU.Build.0 = Release|Any CPU
		{4053DE6B-225B-42E1-8336-F031FE1CFE77}.Debug|Any CPU.ActiveCfg = Debug|Any CPU
		{4053DE6B-225B-42E1-8336-F031FE1CFE77}.Debug|Any CPU.Build.0 = Debug|Any CPU
		{4053DE6B-225B-42E1-8336-F031FE1CFE77}.Release|Any CPU.ActiveCfg = Release|Any CPU
		{4053DE6B-225B-42E1-8336-F031FE1CFE77}.Release|Any CPU.Build.0 = Release|Any CPU
		{F612C5E1-F09C-4038-810C-96D9D627F17C}.Debug|Any CPU.ActiveCfg = Debug|Any CPU
		{F612C5E1-F09C-4038-810C-96D9D627F17C}.Debug|Any CPU.Build.0 = Debug|Any CPU
		{F612C5E1-F09C-4038-810C-96D9D627F17C}.Release|Any CPU.ActiveCfg = Release|Any CPU
		{F612C5E1-F09C-4038-810C-96D9D627F17C}.Release|Any CPU.Build.0 = Release|Any CPU
		{08551AFE-2113-4602-B030-7089B778EDA7}.Debug|Any CPU.ActiveCfg = Debug|Any CPU
		{08551AFE-2113-4602-B030-7089B778EDA7}.Debug|Any CPU.Build.0 = Debug|Any CPU
		{08551AFE-2113-4602-B030-7089B778EDA7}.Release|Any CPU.ActiveCfg = Release|Any CPU
		{08551AFE-2113-4602-B030-7089B778EDA7}.Release|Any CPU.Build.0 = Release|Any CPU
		{144DAED3-5A0F-4756-9411-04258D893530}.Debug|Any CPU.ActiveCfg = Debug|Any CPU
		{144DAED3-5A0F-4756-9411-04258D893530}.Debug|Any CPU.Build.0 = Debug|Any CPU
		{144DAED3-5A0F-4756-9411-04258D893530}.Release|Any CPU.ActiveCfg = Release|Any CPU
		{144DAED3-5A0F-4756-9411-04258D893530}.Release|Any CPU.Build.0 = Release|Any CPU
		{7E57E300-DCED-4573-8899-A2884123969B}.Debug|Any CPU.ActiveCfg = Debug|Any CPU
		{7E57E300-DCED-4573-8899-A2884123969B}.Debug|Any CPU.Build.0 = Debug|Any CPU
		{7E57E300-DCED-4573-8899-A2884123969B}.Release|Any CPU.ActiveCfg = Release|Any CPU
		{7E57E300-DCED-4573-8899-A2884123969B}.Release|Any CPU.Build.0 = Release|Any CPU
		{30742FE3-DF4D-4364-AC70-7046303A70EE}.Debug|Any CPU.ActiveCfg = Debug|Any CPU
		{30742FE3-DF4D-4364-AC70-7046303A70EE}.Debug|Any CPU.Build.0 = Debug|Any CPU
		{30742FE3-DF4D-4364-AC70-7046303A70EE}.Release|Any CPU.ActiveCfg = Release|Any CPU
		{30742FE3-DF4D-4364-AC70-7046303A70EE}.Release|Any CPU.Build.0 = Release|Any CPU
		{6297093C-49E8-403D-B169-A746904B478C}.Debug|Any CPU.ActiveCfg = Debug|Any CPU
		{6297093C-49E8-403D-B169-A746904B478C}.Debug|Any CPU.Build.0 = Debug|Any CPU
		{6297093C-49E8-403D-B169-A746904B478C}.Release|Any CPU.ActiveCfg = Release|Any CPU
		{6297093C-49E8-403D-B169-A746904B478C}.Release|Any CPU.Build.0 = Release|Any CPU
		{512115BC-662D-49D0-A9E7-D9D5B2E03787}.Debug|Any CPU.ActiveCfg = Debug|Any CPU
		{512115BC-662D-49D0-A9E7-D9D5B2E03787}.Debug|Any CPU.Build.0 = Debug|Any CPU
		{512115BC-662D-49D0-A9E7-D9D5B2E03787}.Release|Any CPU.ActiveCfg = Release|Any CPU
		{512115BC-662D-49D0-A9E7-D9D5B2E03787}.Release|Any CPU.Build.0 = Release|Any CPU
		{CC8E6384-AA97-4B18-8D14-58315483D48D}.Debug|Any CPU.ActiveCfg = Debug|Any CPU
		{CC8E6384-AA97-4B18-8D14-58315483D48D}.Debug|Any CPU.Build.0 = Debug|Any CPU
		{CC8E6384-AA97-4B18-8D14-58315483D48D}.Release|Any CPU.ActiveCfg = Release|Any CPU
		{CC8E6384-AA97-4B18-8D14-58315483D48D}.Release|Any CPU.Build.0 = Release|Any CPU
		{370A9158-1CB7-4CF7-AF97-B56823932EB4}.Debug|Any CPU.ActiveCfg = Debug|Any CPU
		{370A9158-1CB7-4CF7-AF97-B56823932EB4}.Debug|Any CPU.Build.0 = Debug|Any CPU
		{370A9158-1CB7-4CF7-AF97-B56823932EB4}.Release|Any CPU.ActiveCfg = Release|Any CPU
		{370A9158-1CB7-4CF7-AF97-B56823932EB4}.Release|Any CPU.Build.0 = Release|Any CPU
		{E306EC37-07A5-4158-8429-CADB3789AE2E}.Debug|Any CPU.ActiveCfg = Debug|Any CPU
		{E306EC37-07A5-4158-8429-CADB3789AE2E}.Debug|Any CPU.Build.0 = Debug|Any CPU
		{E306EC37-07A5-4158-8429-CADB3789AE2E}.Release|Any CPU.ActiveCfg = Release|Any CPU
		{E306EC37-07A5-4158-8429-CADB3789AE2E}.Release|Any CPU.Build.0 = Release|Any CPU
		{C446C614-9424-4CD8-AC22-F7AEAB311385}.Debug|Any CPU.ActiveCfg = Debug|Any CPU
		{C446C614-9424-4CD8-AC22-F7AEAB311385}.Debug|Any CPU.Build.0 = Debug|Any CPU
		{C446C614-9424-4CD8-AC22-F7AEAB311385}.Release|Any CPU.ActiveCfg = Release|Any CPU
		{C446C614-9424-4CD8-AC22-F7AEAB311385}.Release|Any CPU.Build.0 = Release|Any CPU
		{BE882732-000D-4E16-B00D-E11307931705}.Debug|Any CPU.ActiveCfg = Debug|Any CPU
		{BE882732-000D-4E16-B00D-E11307931705}.Debug|Any CPU.Build.0 = Debug|Any CPU
		{BE882732-000D-4E16-B00D-E11307931705}.Release|Any CPU.ActiveCfg = Release|Any CPU
		{BE882732-000D-4E16-B00D-E11307931705}.Release|Any CPU.Build.0 = Release|Any CPU
		{6A5FD7E4-52B8-4DC9-9DDF-F9EFF79BF8B3}.Debug|Any CPU.ActiveCfg = Debug|Any CPU
		{6A5FD7E4-52B8-4DC9-9DDF-F9EFF79BF8B3}.Debug|Any CPU.Build.0 = Debug|Any CPU
		{6A5FD7E4-52B8-4DC9-9DDF-F9EFF79BF8B3}.Release|Any CPU.ActiveCfg = Release|Any CPU
		{6A5FD7E4-52B8-4DC9-9DDF-F9EFF79BF8B3}.Release|Any CPU.Build.0 = Release|Any CPU
		{D1C96B2A-F98B-41AC-92E3-96B1B9AC3E17}.Debug|Any CPU.ActiveCfg = Debug|Any CPU
		{D1C96B2A-F98B-41AC-92E3-96B1B9AC3E17}.Debug|Any CPU.Build.0 = Debug|Any CPU
		{D1C96B2A-F98B-41AC-92E3-96B1B9AC3E17}.Release|Any CPU.ActiveCfg = Release|Any CPU
		{D1C96B2A-F98B-41AC-92E3-96B1B9AC3E17}.Release|Any CPU.Build.0 = Release|Any CPU
		{49002614-39A3-4800-9E52-C3401859B18F}.Debug|Any CPU.ActiveCfg = Debug|Any CPU
		{49002614-39A3-4800-9E52-C3401859B18F}.Debug|Any CPU.Build.0 = Debug|Any CPU
		{49002614-39A3-4800-9E52-C3401859B18F}.Release|Any CPU.ActiveCfg = Release|Any CPU
		{49002614-39A3-4800-9E52-C3401859B18F}.Release|Any CPU.Build.0 = Release|Any CPU
		{72D4E541-1821-48CA-B590-CF4761E6231B}.Debug|Any CPU.ActiveCfg = Debug|Any CPU
		{72D4E541-1821-48CA-B590-CF4761E6231B}.Debug|Any CPU.Build.0 = Debug|Any CPU
		{72D4E541-1821-48CA-B590-CF4761E6231B}.Release|Any CPU.ActiveCfg = Release|Any CPU
		{72D4E541-1821-48CA-B590-CF4761E6231B}.Release|Any CPU.Build.0 = Release|Any CPU
		{87DA49BF-B9DE-48B0-A50A-29105A2A9EDB}.Debug|Any CPU.ActiveCfg = Debug|Any CPU
		{87DA49BF-B9DE-48B0-A50A-29105A2A9EDB}.Debug|Any CPU.Build.0 = Debug|Any CPU
		{87DA49BF-B9DE-48B0-A50A-29105A2A9EDB}.Release|Any CPU.ActiveCfg = Release|Any CPU
		{87DA49BF-B9DE-48B0-A50A-29105A2A9EDB}.Release|Any CPU.Build.0 = Release|Any CPU
		{6A9774D6-F2BF-4D58-8BBF-80636A2D38CA}.Debug|Any CPU.ActiveCfg = Debug|Any CPU
		{6A9774D6-F2BF-4D58-8BBF-80636A2D38CA}.Debug|Any CPU.Build.0 = Debug|Any CPU
		{6A9774D6-F2BF-4D58-8BBF-80636A2D38CA}.Release|Any CPU.ActiveCfg = Release|Any CPU
		{6A9774D6-F2BF-4D58-8BBF-80636A2D38CA}.Release|Any CPU.Build.0 = Release|Any CPU
		{0C75683B-3135-40EB-A93E-4146D360CA6C}.Debug|Any CPU.ActiveCfg = Debug|Any CPU
		{0C75683B-3135-40EB-A93E-4146D360CA6C}.Debug|Any CPU.Build.0 = Debug|Any CPU
		{0C75683B-3135-40EB-A93E-4146D360CA6C}.Release|Any CPU.ActiveCfg = Release|Any CPU
		{0C75683B-3135-40EB-A93E-4146D360CA6C}.Release|Any CPU.Build.0 = Release|Any CPU
		{E6DBC0B3-FCD7-40FC-9DC8-9F155281F34E}.Debug|Any CPU.ActiveCfg = Debug|Any CPU
		{E6DBC0B3-FCD7-40FC-9DC8-9F155281F34E}.Debug|Any CPU.Build.0 = Debug|Any CPU
		{E6DBC0B3-FCD7-40FC-9DC8-9F155281F34E}.Release|Any CPU.ActiveCfg = Release|Any CPU
		{E6DBC0B3-FCD7-40FC-9DC8-9F155281F34E}.Release|Any CPU.Build.0 = Release|Any CPU
		{EFDAE739-E880-4449-BBBA-4346D3443E7B}.Debug|Any CPU.ActiveCfg = Debug|Any CPU
		{EFDAE739-E880-4449-BBBA-4346D3443E7B}.Debug|Any CPU.Build.0 = Debug|Any CPU
		{EFDAE739-E880-4449-BBBA-4346D3443E7B}.Release|Any CPU.ActiveCfg = Release|Any CPU
		{EFDAE739-E880-4449-BBBA-4346D3443E7B}.Release|Any CPU.Build.0 = Release|Any CPU
		{EC0E18C4-B6EA-47AE-AB6E-7FCC654C1FE9}.Debug|Any CPU.ActiveCfg = Debug|Any CPU
		{EC0E18C4-B6EA-47AE-AB6E-7FCC654C1FE9}.Debug|Any CPU.Build.0 = Debug|Any CPU
		{EC0E18C4-B6EA-47AE-AB6E-7FCC654C1FE9}.Release|Any CPU.ActiveCfg = Release|Any CPU
		{EC0E18C4-B6EA-47AE-AB6E-7FCC654C1FE9}.Release|Any CPU.Build.0 = Release|Any CPU
		{DD6B984E-3F40-4735-A030-1331F56EBACC}.Debug|Any CPU.ActiveCfg = Debug|Any CPU
		{DD6B984E-3F40-4735-A030-1331F56EBACC}.Debug|Any CPU.Build.0 = Debug|Any CPU
		{DD6B984E-3F40-4735-A030-1331F56EBACC}.Release|Any CPU.ActiveCfg = Release|Any CPU
		{DD6B984E-3F40-4735-A030-1331F56EBACC}.Release|Any CPU.Build.0 = Release|Any CPU
		{E3A99A37-EF26-4EE9-BE72-F869AC8EC3CD}.Debug|Any CPU.ActiveCfg = Debug|Any CPU
		{E3A99A37-EF26-4EE9-BE72-F869AC8EC3CD}.Debug|Any CPU.Build.0 = Debug|Any CPU
		{E3A99A37-EF26-4EE9-BE72-F869AC8EC3CD}.Release|Any CPU.ActiveCfg = Release|Any CPU
		{E3A99A37-EF26-4EE9-BE72-F869AC8EC3CD}.Release|Any CPU.Build.0 = Release|Any CPU
	EndGlobalSection
	GlobalSection(SolutionProperties) = preSolution
		HideSolutionNode = FALSE
	EndGlobalSection
	GlobalSection(NestedProjects) = preSolution
		{1015BA79-4241-4221-9D27-0DB033EA624B} = {FB1689F5-32FB-46A9-AA47-647A7F4A1686}
		{558603AE-BECF-4F72-86B4-AD832D2453AB} = {FB1689F5-32FB-46A9-AA47-647A7F4A1686}
		{A95BFBAD-E0F3-4631-A873-BC03B66182DA} = {FB1689F5-32FB-46A9-AA47-647A7F4A1686}
		{4053DE6B-225B-42E1-8336-F031FE1CFE77} = {8291108F-CF09-46ED-9E74-0A11CB66EDED}
		{F612C5E1-F09C-4038-810C-96D9D627F17C} = {8291108F-CF09-46ED-9E74-0A11CB66EDED}
		{08551AFE-2113-4602-B030-7089B778EDA7} = {72197100-932A-45EF-B394-31F2C86CEC0E}
		{144DAED3-5A0F-4756-9411-04258D893530} = {72197100-932A-45EF-B394-31F2C86CEC0E}
		{7E57E300-DCED-4573-8899-A2884123969B} = {FB1689F5-32FB-46A9-AA47-647A7F4A1686}
		{30742FE3-DF4D-4364-AC70-7046303A70EE} = {FB1689F5-32FB-46A9-AA47-647A7F4A1686}
		{8291108F-CF09-46ED-9E74-0A11CB66EDED} = {FB1689F5-32FB-46A9-AA47-647A7F4A1686}
		{6297093C-49E8-403D-B169-A746904B478C} = {8291108F-CF09-46ED-9E74-0A11CB66EDED}
		{512115BC-662D-49D0-A9E7-D9D5B2E03787} = {8291108F-CF09-46ED-9E74-0A11CB66EDED}
		{C62064CC-D154-4B6F-8E83-CD0EFBF613AA} = {25A48354-8863-4FC8-B85D-EDE6E2974EE5}
		{475B49D8-8732-4A80-842E-081B2098BEFD} = {C62064CC-D154-4B6F-8E83-CD0EFBF613AA}
		{02A41BA6-08CE-4141-8D4D-D93FD1348025} = {25A48354-8863-4FC8-B85D-EDE6E2974EE5}
		{6EBD4296-7BC9-4014-BCBB-C8E0FE08E9B9} = {02A41BA6-08CE-4141-8D4D-D93FD1348025}
		{289A2402-4981-401E-A4A3-F1148B5AF478} = {25A48354-8863-4FC8-B85D-EDE6E2974EE5}
		{FAC33DD7-B367-4201-901B-2A66C67EE1BE} = {289A2402-4981-401E-A4A3-F1148B5AF478}
		{61892906-4B8B-4D36-B3CC-A39596C946D7} = {25A48354-8863-4FC8-B85D-EDE6E2974EE5}
		{CC8E6384-AA97-4B18-8D14-58315483D48D} = {C62064CC-D154-4B6F-8E83-CD0EFBF613AA}
		{370A9158-1CB7-4CF7-AF97-B56823932EB4} = {475B49D8-8732-4A80-842E-081B2098BEFD}
		{E306EC37-07A5-4158-8429-CADB3789AE2E} = {61892906-4B8B-4D36-B3CC-A39596C946D7}
		{C446C614-9424-4CD8-AC22-F7AEAB311385} = {289A2402-4981-401E-A4A3-F1148B5AF478}
		{BE882732-000D-4E16-B00D-E11307931705} = {02A41BA6-08CE-4141-8D4D-D93FD1348025}
		{18E2CF3E-0EB3-4B0E-8A6F-155D63DE3E0D} = {72197100-932A-45EF-B394-31F2C86CEC0E}
		{6A5FD7E4-52B8-4DC9-9DDF-F9EFF79BF8B3} = {18E2CF3E-0EB3-4B0E-8A6F-155D63DE3E0D}
		{D1C96B2A-F98B-41AC-92E3-96B1B9AC3E17} = {18E2CF3E-0EB3-4B0E-8A6F-155D63DE3E0D}
		{CBB6743D-9BE8-49B2-9BCC-8900DC7E10C7} = {25A48354-8863-4FC8-B85D-EDE6E2974EE5}
		{49002614-39A3-4800-9E52-C3401859B18F} = {CBB6743D-9BE8-49B2-9BCC-8900DC7E10C7}
		{252112A0-B2BD-4879-ABB1-6169F6A00B9D} = {CBB6743D-9BE8-49B2-9BCC-8900DC7E10C7}
		{A25D620F-4546-4EAC-AD0C-9FCE5AFB1569} = {25A48354-8863-4FC8-B85D-EDE6E2974EE5}
		{FCD2C3F3-1A0E-4168-A9C0-5303807DC227} = {A25D620F-4546-4EAC-AD0C-9FCE5AFB1569}
		{72D4E541-1821-48CA-B590-CF4761E6231B} = {A25D620F-4546-4EAC-AD0C-9FCE5AFB1569}
		{87DA49BF-B9DE-48B0-A50A-29105A2A9EDB} = {FCD2C3F3-1A0E-4168-A9C0-5303807DC227}
		{6A9774D6-F2BF-4D58-8BBF-80636A2D38CA} = {252112A0-B2BD-4879-ABB1-6169F6A00B9D}
		{FC0DD76A-ABBB-451D-8B3E-384FCC5D8935} = {1D1A12B3-9916-430C-8ACB-B7243FF6B656}
		{0C75683B-3135-40EB-A93E-4146D360CA6C} = {FC0DD76A-ABBB-451D-8B3E-384FCC5D8935}
		{E6DBC0B3-FCD7-40FC-9DC8-9F155281F34E} = {FC0DD76A-ABBB-451D-8B3E-384FCC5D8935}
		{3C46ACB0-08B6-40E0-8C66-5333C50A95F1} = {25A48354-8863-4FC8-B85D-EDE6E2974EE5}
		{5A3C5A38-4A06-43D0-BFDC-243A2CBB36EE} = {3C46ACB0-08B6-40E0-8C66-5333C50A95F1}
		{EFDAE739-E880-4449-BBBA-4346D3443E7B} = {3C46ACB0-08B6-40E0-8C66-5333C50A95F1}
		{EC0E18C4-B6EA-47AE-AB6E-7FCC654C1FE9} = {5A3C5A38-4A06-43D0-BFDC-243A2CBB36EE}
		{DD6B984E-3F40-4735-A030-1331F56EBACC} = {80BDC064-0388-4205-BA2A-ADB72ED29B38}
		{E3A99A37-EF26-4EE9-BE72-F869AC8EC3CD} = {72197100-932A-45EF-B394-31F2C86CEC0E}
	EndGlobalSection
	GlobalSection(ExtensibilityGlobals) = postSolution
		SolutionGuid = {C98B2018-4C0A-4011-94CB-77D70109215F}
	EndGlobalSection
EndGlobal
